// !$*UTF8*$!
{
	archiveVersion = 1;
	classes = {
	};
	objectVersion = 46;
	objects = {

/* Begin PBXBuildFile section */
		A042AC0B1D562F3300387842 /* main.m in Sources */ = {isa = PBXBuildFile; fileRef = A042AC0A1D562F3300387842 /* main.m */; };
		A042AC0E1D562F3400387842 /* AppDelegate.m in Sources */ = {isa = PBXBuildFile; fileRef = A042AC0D1D562F3400387842 /* AppDelegate.m */; };
		A042AC111D562F3400387842 /* Start.m in Sources */ = {isa = PBXBuildFile; fileRef = A042AC101D562F3400387842 /* Start.m */; };
		A042AC141D562F3400387842 /* Main.storyboard in Resources */ = {isa = PBXBuildFile; fileRef = A042AC121D562F3400387842 /* Main.storyboard */; };
		A042AC171D562F3500387842 /* SpotifyExample.xcdatamodeld in Sources */ = {isa = PBXBuildFile; fileRef = A042AC151D562F3500387842 /* SpotifyExample.xcdatamodeld */; };
		A042AC191D562F3500387842 /* Assets.xcassets in Resources */ = {isa = PBXBuildFile; fileRef = A042AC181D562F3500387842 /* Assets.xcassets */; };
		A042AC1C1D562F3500387842 /* LaunchScreen.storyboard in Resources */ = {isa = PBXBuildFile; fileRef = A042AC1A1D562F3500387842 /* LaunchScreen.storyboard */; };
		A042AC261D562FB800387842 /* Spotify.framework in Frameworks */ = {isa = PBXBuildFile; fileRef = A042AC251D562FB800387842 /* Spotify.framework */; };
		A042AC2A1D5631BB00387842 /* AVFoundation.framework in Frameworks */ = {isa = PBXBuildFile; fileRef = A042AC291D5631BB00387842 /* AVFoundation.framework */; };
		A042AC2C1D5631C400387842 /* SystemConfiguration.framework in Frameworks */ = {isa = PBXBuildFile; fileRef = A042AC2B1D5631C400387842 /* SystemConfiguration.framework */; };
/* End PBXBuildFile section */

/* Begin PBXFileReference section */
		A042AC061D562F3100387842 /* SpotifyExample.app */ = {isa = PBXFileReference; explicitFileType = wrapper.application; includeInIndex = 0; path = SpotifyExample.app; sourceTree = BUILT_PRODUCTS_DIR; };
		A042AC0A1D562F3300387842 /* main.m */ = {isa = PBXFileReference; lastKnownFileType = sourcecode.c.objc; path = main.m; sourceTree = "<group>"; };
		A042AC0C1D562F3300387842 /* AppDelegate.h */ = {isa = PBXFileReference; lastKnownFileType = sourcecode.c.h; path = AppDelegate.h; sourceTree = "<group>"; };
		A042AC0D1D562F3400387842 /* AppDelegate.m */ = {isa = PBXFileReference; lastKnownFileType = sourcecode.c.objc; path = AppDelegate.m; sourceTree = "<group>"; };
		A042AC0F1D562F3400387842 /* Start.h */ = {isa = PBXFileReference; lastKnownFileType = sourcecode.c.h; path = Start.h; sourceTree = "<group>"; };
		A042AC101D562F3400387842 /* Start.m */ = {isa = PBXFileReference; lastKnownFileType = sourcecode.c.objc; path = Start.m; sourceTree = "<group>"; };
		A042AC131D562F3400387842 /* Base */ = {isa = PBXFileReference; lastKnownFileType = file.storyboard; name = Base; path = Base.lproj/Main.storyboard; sourceTree = "<group>"; };
		A042AC161D562F3500387842 /* SpotifyExample.xcdatamodel */ = {isa = PBXFileReference; lastKnownFileType = wrapper.xcdatamodel; path = SpotifyExample.xcdatamodel; sourceTree = "<group>"; };
		A042AC181D562F3500387842 /* Assets.xcassets */ = {isa = PBXFileReference; lastKnownFileType = folder.assetcatalog; path = Assets.xcassets; sourceTree = "<group>"; };
		A042AC1B1D562F3500387842 /* Base */ = {isa = PBXFileReference; lastKnownFileType = file.storyboard; name = Base; path = Base.lproj/LaunchScreen.storyboard; sourceTree = "<group>"; };
		A042AC1D1D562F3500387842 /* Info.plist */ = {isa = PBXFileReference; lastKnownFileType = text.plist.xml; path = Info.plist; sourceTree = "<group>"; };
		A042AC251D562FB800387842 /* Spotify.framework */ = {isa = PBXFileReference; lastKnownFileType = wrapper.framework; path = Spotify.framework; sourceTree = "<group>"; };
		A042AC291D5631BB00387842 /* AVFoundation.framework */ = {isa = PBXFileReference; lastKnownFileType = wrapper.framework; name = AVFoundation.framework; path = System/Library/Frameworks/AVFoundation.framework; sourceTree = SDKROOT; };
		A042AC2B1D5631C400387842 /* SystemConfiguration.framework */ = {isa = PBXFileReference; lastKnownFileType = wrapper.framework; name = SystemConfiguration.framework; path = System/Library/Frameworks/SystemConfiguration.framework; sourceTree = SDKROOT; };
/* End PBXFileReference section */

/* Begin PBXFrameworksBuildPhase section */
		A042AC031D562F3100387842 /* Frameworks */ = {
			isa = PBXFrameworksBuildPhase;
			buildActionMask = 2147483647;
			files = (
				A042AC2C1D5631C400387842 /* SystemConfiguration.framework in Frameworks */,
				A042AC2A1D5631BB00387842 /* AVFoundation.framework in Frameworks */,
				A042AC261D562FB800387842 /* Spotify.framework in Frameworks */,
			);
			runOnlyForDeploymentPostprocessing = 0;
		};
/* End PBXFrameworksBuildPhase section */

/* Begin PBXGroup section */
		A042ABFD1D562F3000387842 = {
			isa = PBXGroup;
			children = (
				A042AC2B1D5631C400387842 /* SystemConfiguration.framework */,
				A042AC291D5631BB00387842 /* AVFoundation.framework */,
				A042AC081D562F3200387842 /* SpotifyExample */,
				A042AC071D562F3100387842 /* Products */,
			);
			sourceTree = "<group>";
		};
		A042AC071D562F3100387842 /* Products */ = {
			isa = PBXGroup;
			children = (
				A042AC061D562F3100387842 /* SpotifyExample.app */,
			);
			name = Products;
			sourceTree = "<group>";
		};
		A042AC081D562F3200387842 /* SpotifyExample */ = {
			isa = PBXGroup;
			children = (
				A042AC281D5630CD00387842 /* Controllers */,
				A042AC271D56309800387842 /* Main */,
				A042AC241D562F7500387842 /* Frameworks */,
				A042AC121D562F3400387842 /* Main.storyboard */,
				A042AC181D562F3500387842 /* Assets.xcassets */,
				A042AC1A1D562F3500387842 /* LaunchScreen.storyboard */,
				A042AC1D1D562F3500387842 /* Info.plist */,
				A042AC151D562F3500387842 /* SpotifyExample.xcdatamodeld */,
				A042AC091D562F3300387842 /* Supporting Files */,
			);
			path = SpotifyExample;
			sourceTree = "<group>";
		};
		A042AC091D562F3300387842 /* Supporting Files */ = {
			isa = PBXGroup;
			children = (
				A042AC0A1D562F3300387842 /* main.m */,
			);
			name = "Supporting Files";
			sourceTree = "<group>";
		};
		A042AC241D562F7500387842 /* Frameworks */ = {
			isa = PBXGroup;
			children = (
				A042AC251D562FB800387842 /* Spotify.framework */,
			);
			name = Frameworks;
			sourceTree = "<group>";
		};
		A042AC271D56309800387842 /* Main */ = {
			isa = PBXGroup;
			children = (
				A042AC0C1D562F3300387842 /* AppDelegate.h */,
				A042AC0D1D562F3400387842 /* AppDelegate.m */,
			);
			name = Main;
			sourceTree = "<group>";
		};
		A042AC281D5630CD00387842 /* Controllers */ = {
			isa = PBXGroup;
			children = (
				A042AC0F1D562F3400387842 /* Start.h */,
				A042AC101D562F3400387842 /* Start.m */,
			);
			name = Controllers;
			sourceTree = "<group>";
		};
/* End PBXGroup section */

/* Begin PBXNativeTarget section */
		A042AC051D562F3100387842 /* SpotifyExample */ = {
			isa = PBXNativeTarget;
			buildConfigurationList = A042AC201D562F3500387842 /* Build configuration list for PBXNativeTarget "SpotifyExample" */;
			buildPhases = (
				A042AC021D562F3100387842 /* Sources */,
				A042AC031D562F3100387842 /* Frameworks */,
				A042AC041D562F3100387842 /* Resources */,
			);
			buildRules = (
			);
			dependencies = (
			);
			name = SpotifyExample;
			productName = SpotifyExample;
			productReference = A042AC061D562F3100387842 /* SpotifyExample.app */;
			productType = "com.apple.product-type.application";
		};
/* End PBXNativeTarget section */

/* Begin PBXProject section */
		A042ABFE1D562F3000387842 /* Project object */ = {
			isa = PBXProject;
			attributes = {
				LastUpgradeCheck = 0730;
				ORGANIZATIONNAME = "Luis de Jesus Martin Castillo";
				TargetAttributes = {
					A042AC051D562F3100387842 = {
						CreatedOnToolsVersion = 7.3.1;
						DevelopmentTeam = G4BTYN7N43;
					};
				};
			};
			buildConfigurationList = A042AC011D562F3000387842 /* Build configuration list for PBXProject "SpotifyExample" */;
			compatibilityVersion = "Xcode 3.2";
			developmentRegion = English;
			hasScannedForEncodings = 0;
			knownRegions = (
				en,
				Base,
			);
			mainGroup = A042ABFD1D562F3000387842;
			productRefGroup = A042AC071D562F3100387842 /* Products */;
			projectDirPath = "";
			projectRoot = "";
			targets = (
				A042AC051D562F3100387842 /* SpotifyExample */,
			);
		};
/* End PBXProject section */

/* Begin PBXResourcesBuildPhase section */
		A042AC041D562F3100387842 /* Resources */ = {
			isa = PBXResourcesBuildPhase;
			buildActionMask = 2147483647;
			files = (
				A042AC1C1D562F3500387842 /* LaunchScreen.storyboard in Resources */,
				A042AC191D562F3500387842 /* Assets.xcassets in Resources */,
				A042AC141D562F3400387842 /* Main.storyboard in Resources */,
			);
			runOnlyForDeploymentPostprocessing = 0;
		};
/* End PBXResourcesBuildPhase section */

/* Begin PBXSourcesBuildPhase section */
		A042AC021D562F3100387842 /* Sources */ = {
			isa = PBXSourcesBuildPhase;
			buildActionMask = 2147483647;
			files = (
				A042AC111D562F3400387842 /* Start.m in Sources */,
				A042AC171D562F3500387842 /* SpotifyExample.xcdatamodeld in Sources */,
				A042AC0E1D562F3400387842 /* AppDelegate.m in Sources */,
				A042AC0B1D562F3300387842 /* main.m in Sources */,
			);
			runOnlyForDeploymentPostprocessing = 0;
		};
/* End PBXSourcesBuildPhase section */

/* Begin PBXVariantGroup section */
		A042AC121D562F3400387842 /* Main.storyboard */ = {
			isa = PBXVariantGroup;
			children = (
				A042AC131D562F3400387842 /* Base */,
			);
			name = Main.storyboard;
			sourceTree = "<group>";
		};
		A042AC1A1D562F3500387842 /* LaunchScreen.storyboard */ = {
			isa = PBXVariantGroup;
			children = (
				A042AC1B1D562F3500387842 /* Base */,
			);
			name = LaunchScreen.storyboard;
			sourceTree = "<group>";
		};
/* End PBXVariantGroup section */

/* Begin XCBuildConfiguration section */
		A042AC1E1D562F3500387842 /* Debug */ = {
			isa = XCBuildConfiguration;
			buildSettings = {
				ALWAYS_SEARCH_USER_PATHS = NO;
				CLANG_ANALYZER_NONNULL = YES;
				CLANG_CXX_LANGUAGE_STANDARD = "gnu++0x";
				CLANG_CXX_LIBRARY = "libc++";
				CLANG_ENABLE_MODULES = YES;
				CLANG_ENABLE_OBJC_ARC = YES;
				CLANG_WARN_BOOL_CONVERSION = YES;
				CLANG_WARN_CONSTANT_CONVERSION = YES;
				CLANG_WARN_DIRECT_OBJC_ISA_USAGE = YES_ERROR;
				CLANG_WARN_EMPTY_BODY = YES;
				CLANG_WARN_ENUM_CONVERSION = YES;
				CLANG_WARN_INT_CONVERSION = YES;
				CLANG_WARN_OBJC_ROOT_CLASS = YES_ERROR;
				CLANG_WARN_UNREACHABLE_CODE = YES;
				CLANG_WARN__DUPLICATE_METHOD_MATCH = YES;
				"CODE_SIGN_IDENTITY[sdk=iphoneos*]" = "iPhone Developer";
				COPY_PHASE_STRIP = NO;
				DEBUG_INFORMATION_FORMAT = dwarf;
				ENABLE_STRICT_OBJC_MSGSEND = YES;
				ENABLE_TESTABILITY = YES;
				GCC_C_LANGUAGE_STANDARD = gnu99;
				GCC_DYNAMIC_NO_PIC = NO;
				GCC_NO_COMMON_BLOCKS = YES;
				GCC_OPTIMIZATION_LEVEL = 0;
				GCC_PREPROCESSOR_DEFINITIONS = (
					"DEBUG=1",
					"$(inherited)",
				);
				GCC_WARN_64_TO_32_BIT_CONVERSION = YES;
				GCC_WARN_ABOUT_RETURN_TYPE = YES_ERROR;
				GCC_WARN_UNDECLARED_SELECTOR = YES;
				GCC_WARN_UNINITIALIZED_AUTOS = YES_AGGRESSIVE;
				GCC_WARN_UNUSED_FUNCTION = YES;
				GCC_WARN_UNUSED_VARIABLE = YES;
				IPHONEOS_DEPLOYMENT_TARGET = 9.3;
				MTL_ENABLE_DEBUG_INFO = YES;
				ONLY_ACTIVE_ARCH = YES;
				SDKROOT = iphoneos;
			};
			name = Debug;
		};
		A042AC1F1D562F3500387842 /* Release */ = {
			isa = XCBuildConfiguration;
			buildSettings = {
				ALWAYS_SEARCH_USER_PATHS = NO;
				CLANG_ANALYZER_NONNULL = YES;
				CLANG_CXX_LANGUAGE_STANDARD = "gnu++0x";
				CLANG_CXX_LIBRARY = "libc++";
				CLANG_ENABLE_MODULES = YES;
				CLANG_ENABLE_OBJC_ARC = YES;
				CLANG_WARN_BOOL_CONVERSION = YES;
				CLANG_WARN_CONSTANT_CONVERSION = YES;
				CLANG_WARN_DIRECT_OBJC_ISA_USAGE = YES_ERROR;
				CLANG_WARN_EMPTY_BODY = YES;
				CLANG_WARN_ENUM_CONVERSION = YES;
				CLANG_WARN_INT_CONVERSION = YES;
				CLANG_WARN_OBJC_ROOT_CLASS = YES_ERROR;
				CLANG_WARN_UNREACHABLE_CODE = YES;
				CLANG_WARN__DUPLICATE_METHOD_MATCH = YES;
				"CODE_SIGN_IDENTITY[sdk=iphoneos*]" = "iPhone Developer";
				COPY_PHASE_STRIP = NO;
				DEBUG_INFORMATION_FORMAT = "dwarf-with-dsym";
				ENABLE_NS_ASSERTIONS = NO;
				ENABLE_STRICT_OBJC_MSGSEND = YES;
				GCC_C_LANGUAGE_STANDARD = gnu99;
				GCC_NO_COMMON_BLOCKS = YES;
				GCC_WARN_64_TO_32_BIT_CONVERSION = YES;
				GCC_WARN_ABOUT_RETURN_TYPE = YES_ERROR;
				GCC_WARN_UNDECLARED_SELECTOR = YES;
				GCC_WARN_UNINITIALIZED_AUTOS = YES_AGGRESSIVE;
				GCC_WARN_UNUSED_FUNCTION = YES;
				GCC_WARN_UNUSED_VARIABLE = YES;
				IPHONEOS_DEPLOYMENT_TARGET = 9.3;
				MTL_ENABLE_DEBUG_INFO = NO;
				SDKROOT = iphoneos;
				VALIDATE_PRODUCT = YES;
			};
			name = Release;
		};
		A042AC211D562F3500387842 /* Debug */ = {
			isa = XCBuildConfiguration;
			buildSettings = {
				ASSETCATALOG_COMPILER_APPICON_NAME = AppIcon;
				CODE_SIGN_IDENTITY = "iPhone Developer";
				"CODE_SIGN_IDENTITY[sdk=iphoneos*]" = "iPhone Developer";
				FRAMEWORK_SEARCH_PATHS = (
					"$(inherited)",
					"$(PROJECT_DIR)/SpotifyExample",
				);
				INFOPLIST_FILE = SpotifyExample/Info.plist;
				LD_RUNPATH_SEARCH_PATHS = "$(inherited) @executable_path/Frameworks";
				OTHER_LDFLAGS = "-ObjC";
				PRODUCT_BUNDLE_IDENTIFIER = com.ljmc.SpotifyExample;
				PRODUCT_NAME = "$(TARGET_NAME)";
				PROVISIONING_PROFILE = "";
			};
			name = Debug;
		};
		A042AC221D562F3500387842 /* Release */ = {
			isa = XCBuildConfiguration;
			buildSettings = {
				ASSETCATALOG_COMPILER_APPICON_NAME = AppIcon;
				CODE_SIGN_IDENTITY = "iPhone Developer";
				"CODE_SIGN_IDENTITY[sdk=iphoneos*]" = "iPhone Developer";
				FRAMEWORK_SEARCH_PATHS = (
					"$(inherited)",
					"$(PROJECT_DIR)/SpotifyExample",
				);
				INFOPLIST_FILE = SpotifyExample/Info.plist;
				LD_RUNPATH_SEARCH_PATHS = "$(inherited) @executable_path/Frameworks";
				OTHER_LDFLAGS = "-ObjC";
				PRODUCT_BUNDLE_IDENTIFIER = com.ljmc.SpotifyExample;
				PRODUCT_NAME = "$(TARGET_NAME)";
				PROVISIONING_PROFILE = "";
			};
			name = Release;
		};
/* End XCBuildConfiguration section */

/* Begin XCConfigurationList section */
		A042AC011D562F3000387842 /* Build configuration list for PBXProject "SpotifyExample" */ = {
			isa = XCConfigurationList;
			buildConfigurations = (
				A042AC1E1D562F3500387842 /* Debug */,
				A042AC1F1D562F3500387842 /* Release */,
			);
			defaultConfigurationIsVisible = 0;
			defaultConfigurationName = Release;
		};
		A042AC201D562F3500387842 /* Build configuration list for PBXNativeTarget "SpotifyExample" */ = {
			isa = XCConfigurationList;
			buildConfigurations = (
				A042AC211D562F3500387842 /* Debug */,
				A042AC221D562F3500387842 /* Release */,
			);
			defaultConfigurationIsVisible = 0;
		};
/* End XCConfigurationList section */

/* Begin XCVersionGroup section */
		A042AC151D562F3500387842 /* SpotifyExample.xcdatamodeld */ = {
			isa = XCVersionGroup;
			children = (
				A042AC161D562F3500387842 /* SpotifyExample.xcdatamodel */,
			);
			currentVersion = A042AC161D562F3500387842 /* SpotifyExample.xcdatamodel */;
			path = SpotifyExample.xcdatamodeld;
			sourceTree = "<group>";
			versionGroupType = wrapper.xcdatamodel;
		};
/* End XCVersionGroup section */
	};
	rootObject = A042ABFE1D562F3000387842 /* Project object */;
}
